
Microsoft Visual Studio Solution File, Format Version 12.00
# Visual Studio Version 16
VisualStudioVersion = 16.0.30907.101
MinimumVisualStudioVersion = 10.0.40219.1
Project("{FAE04EC0-301F-11D3-BF4B-00C04F79EFBC}") = "CvEntityProje", "CvEntityProje.csproj", "{66CB15BF-44F9-4B98-8802-6F6B8238FF70}"
EndProject
Global
	GlobalSection(SolutionConfigurationPlatforms) = preSolution
		Debug|Any CPU = Debug|Any CPU
		Release|Any CPU = Release|Any CPU
	EndGlobalSection
	GlobalSection(ProjectConfigurationPlatforms) = postSolution
		{66CB15BF-44F9-4B98-8802-6F6B8238FF70}.Debug|Any CPU.ActiveCfg = Debug|Any CPU
		{66CB15BF-44F9-4B98-8802-6F6B8238FF70}.Debug|Any CPU.Build.0 = Debug|Any CPU
		{66CB15BF-44F9-4B98-8802-6F6B8238FF70}.Release|Any CPU.ActiveCfg = Release|Any CPU
		{66CB15BF-44F9-4B98-8802-6F6B8238FF70}.Release|Any CPU.Build.0 = Release|Any CPU
	EndGlobalSection
	GlobalSection(SolutionProperties) = preSolution
		HideSolutionNode = FALSE
	EndGlobalSection
	GlobalSection(ExtensibilityGlobals) = postSolution
		SolutionGuid = {DDE513AB-AF48-457B-9FFE-AAF55E005CC6}
	EndGlobalSection
EndGlobal
